
Microsoft Visual Studio Solution File, Format Version 12.00
# Visual Studio Version 17
VisualStudioVersion = 17.6.33829.357
MinimumVisualStudioVersion = 10.0.40219.1
Project("{FAE04EC0-301F-11D3-BF4B-00C04F79EFBC}") = "SanaServiceTest2", "SanaServiceTest2.csproj", "{84FDBD4F-4ED6-49A8-97CB-13C2FBDB44A3}"
EndProject
Global
	GlobalSection(SolutionConfigurationPlatforms) = preSolution
		Debug|Any CPU = Debug|Any CPU
		Release|Any CPU = Release|Any CPU
	EndGlobalSection
	GlobalSection(ProjectConfigurationPlatforms) = postSolution
		{84FDBD4F-4ED6-49A8-97CB-13C2FBDB44A3}.Debug|Any CPU.ActiveCfg = Debug|Any CPU
		{84FDBD4F-4ED6-49A8-97CB-13C2FBDB44A3}.Debug|Any CPU.Build.0 = Debug|Any CPU
		{84FDBD4F-4ED6-49A8-97CB-13C2FBDB44A3}.Release|Any CPU.ActiveCfg = Release|Any CPU
		{84FDBD4F-4ED6-49A8-97CB-13C2FBDB44A3}.Release|Any CPU.Build.0 = Release|Any CPU
	EndGlobalSection
	GlobalSection(SolutionProperties) = preSolution
		HideSolutionNode = FALSE
	EndGlobalSection
	GlobalSection(ExtensibilityGlobals) = postSolution
		SolutionGuid = {678D7AFF-6C2D-407D-AF9D-243796F57E9C}
	EndGlobalSection
EndGlobal
